// !$*UTF8*$!
{
	archiveVersion = 1;
	classes = {
	};
	objectVersion = 50;
	objects = {

/* Begin PBXBuildFile section */
		727A595024EF6FCA00870C02 /* AppDelegate.m in Sources */ = {isa = PBXBuildFile; fileRef = 727A594F24EF6FCA00870C02 /* AppDelegate.m */; };
		727A595324EF6FCA00870C02 /* SceneDelegate.m in Sources */ = {isa = PBXBuildFile; fileRef = 727A595224EF6FCA00870C02 /* SceneDelegate.m */; };
		727A595624EF6FCA00870C02 /* ViewController.m in Sources */ = {isa = PBXBuildFile; fileRef = 727A595524EF6FCA00870C02 /* ViewController.m */; };
		727A595924EF6FCA00870C02 /* Main.storyboard in Resources */ = {isa = PBXBuildFile; fileRef = 727A595724EF6FCA00870C02 /* Main.storyboard */; };
		727A595B24EF6FCC00870C02 /* Assets.xcassets in Resources */ = {isa = PBXBuildFile; fileRef = 727A595A24EF6FCC00870C02 /* Assets.xcassets */; };
		727A595E24EF6FCC00870C02 /* LaunchScreen.storyboard in Resources */ = {isa = PBXBuildFile; fileRef = 727A595C24EF6FCC00870C02 /* LaunchScreen.storyboard */; };
		727A596124EF6FCC00870C02 /* main.m in Sources */ = {isa = PBXBuildFile; fileRef = 727A596024EF6FCC00870C02 /* main.m */; };
		727A596924EF88B500870C02 /* MetalRender.m in Sources */ = {isa = PBXBuildFile; fileRef = 727A596824EF88B500870C02 /* MetalRender.m */; };
/* End PBXBuildFile section */

/* Begin PBXFileReference section */
		727A594B24EF6FCA00870C02 /* HelloMetalPrj.app */ = {isa = PBXFileReference; explicitFileType = wrapper.application; includeInIndex = 0; path = HelloMetalPrj.app; sourceTree = BUILT_PRODUCTS_DIR; };
		727A594E24EF6FCA00870C02 /* AppDelegate.h */ = {isa = PBXFileReference; lastKnownFileType = sourcecode.c.h; path = AppDelegate.h; sourceTree = "<group>"; };
		727A594F24EF6FCA00870C02 /* AppDelegate.m */ = {isa = PBXFileReference; lastKnownFileType = sourcecode.c.objc; path = AppDelegate.m; sourceTree = "<group>"; };
		727A595124EF6FCA00870C02 /* SceneDelegate.h */ = {isa = PBXFileReference; lastKnownFileType = sourcecode.c.h; path = SceneDelegate.h; sourceTree = "<group>"; };
		727A595224EF6FCA00870C02 /* SceneDelegate.m */ = {isa = PBXFileReference; lastKnownFileType = sourcecode.c.objc; path = SceneDelegate.m; sourceTree = "<group>"; };
		727A595424EF6FCA00870C02 /* ViewController.h */ = {isa = PBXFileReference; lastKnownFileType = sourcecode.c.h; path = ViewController.h; sourceTree = "<group>"; };
		727A595524EF6FCA00870C02 /* ViewController.m */ = {isa = PBXFileReference; lastKnownFileType = sourcecode.c.objc; path = ViewController.m; sourceTree = "<group>"; };
		727A595824EF6FCA00870C02 /* Base */ = {isa = PBXFileReference; lastKnownFileType = file.storyboard; name = Base; path = Base.lproj/Main.storyboard; sourceTree = "<group>"; };
		727A595A24EF6FCC00870C02 /* Assets.xcassets */ = {isa = PBXFileReference; lastKnownFileType = folder.assetcatalog; path = Assets.xcassets; sourceTree = "<group>"; };
		727A595D24EF6FCC00870C02 /* Base */ = {isa = PBXFileReference; lastKnownFileType = file.storyboard; name = Base; path = Base.lproj/LaunchScreen.storyboard; sourceTree = "<group>"; };
		727A595F24EF6FCC00870C02 /* Info.plist */ = {isa = PBXFileReference; lastKnownFileType = text.plist.xml; path = Info.plist; sourceTree = "<group>"; };
		727A596024EF6FCC00870C02 /* main.m */ = {isa = PBXFileReference; lastKnownFileType = sourcecode.c.objc; path = main.m; sourceTree = "<group>"; };
		727A596724EF88B500870C02 /* MetalRender.h */ = {isa = PBXFileReference; lastKnownFileType = sourcecode.c.h; path = MetalRender.h; sourceTree = "<group>"; };
		727A596824EF88B500870C02 /* MetalRender.m */ = {isa = PBXFileReference; lastKnownFileType = sourcecode.c.objc; path = MetalRender.m; sourceTree = "<group>"; };
/* End PBXFileReference section */

/* Begin PBXFrameworksBuildPhase section */
		727A594824EF6FCA00870C02 /* Frameworks */ = {
			isa = PBXFrameworksBuildPhase;
			buildActionMask = 2147483647;
			files = (
			);
			runOnlyForDeploymentPostprocessing = 0;
		};
/* End PBXFrameworksBuildPhase section */

/* Begin PBXGroup section */
		727A594224EF6FCA00870C02 = {
			isa = PBXGroup;
			children = (
				727A594D24EF6FCA00870C02 /* HelloMetalPrj */,
				727A594C24EF6FCA00870C02 /* Products */,
			);
			sourceTree = "<group>";
		};
		727A594C24EF6FCA00870C02 /* Products */ = {
			isa = PBXGroup;
			children = (
				727A594B24EF6FCA00870C02 /* HelloMetalPrj.app */,
			);
			name = Products;
			sourceTree = "<group>";
		};
		727A594D24EF6FCA00870C02 /* HelloMetalPrj */ = {
			isa = PBXGroup;
			children = (
				727A594E24EF6FCA00870C02 /* AppDelegate.h */,
				727A594F24EF6FCA00870C02 /* AppDelegate.m */,
				727A595124EF6FCA00870C02 /* SceneDelegate.h */,
				727A595224EF6FCA00870C02 /* SceneDelegate.m */,
				727A595424EF6FCA00870C02 /* ViewController.h */,
				727A595524EF6FCA00870C02 /* ViewController.m */,
				727A596724EF88B500870C02 /* MetalRender.h */,
				727A596824EF88B500870C02 /* MetalRender.m */,
				727A595724EF6FCA00870C02 /* Main.storyboard */,
				727A595A24EF6FCC00870C02 /* Assets.xcassets */,
				727A595C24EF6FCC00870C02 /* LaunchScreen.storyboard */,
				727A595F24EF6FCC00870C02 /* Info.plist */,
				727A596024EF6FCC00870C02 /* main.m */,
			);
			path = HelloMetalPrj;
			sourceTree = "<group>";
		};
/* End PBXGroup section */

/* Begin PBXNativeTarget section */
		727A594A24EF6FCA00870C02 /* HelloMetalPrj */ = {
			isa = PBXNativeTarget;
			buildConfigurationList = 727A596424EF6FCC00870C02 /* Build configuration list for PBXNativeTarget "HelloMetalPrj" */;
			buildPhases = (
				727A594724EF6FCA00870C02 /* Sources */,
				727A594824EF6FCA00870C02 /* Frameworks */,
				727A594924EF6FCA00870C02 /* Resources */,
			);
			buildRules = (
			);
			dependencies = (
			);
			name = HelloMetalPrj;
			productName = HelloMetalPrj;
			productReference = 727A594B24EF6FCA00870C02 /* HelloMetalPrj.app */;
			productType = "com.apple.product-type.application";
		};
/* End PBXNativeTarget section */

/* Begin PBXProject section */
		727A594324EF6FCA00870C02 /* Project object */ = {
			isa = PBXProject;
			attributes = {
				LastUpgradeCheck = 1130;
				ORGANIZATIONNAME = tl;
				TargetAttributes = {
					727A594A24EF6FCA00870C02 = {
						CreatedOnToolsVersion = 11.3.1;
					};
				};
			};
			buildConfigurationList = 727A594624EF6FCA00870C02 /* Build configuration list for PBXProject "HelloMetalPrj" */;
			compatibilityVersion = "Xcode 9.3";
			developmentRegion = en;
			hasScannedForEncodings = 0;
			knownRegions = (
				en,
				Base,
			);
			mainGroup = 727A594224EF6FCA00870C02;
			productRefGroup = 727A594C24EF6FCA00870C02 /* Products */;
			projectDirPath = "";
			projectRoot = "";
			targets = (
				727A594A24EF6FCA00870C02 /* HelloMetalPrj */,
			);
		};
/* End PBXProject section */

/* Begin PBXResourcesBuildPhase section */
		727A594924EF6FCA00870C02 /* Resources */ = {
			isa = PBXResourcesBuildPhase;
			buildActionMask = 2147483647;
			files = (
				727A595E24EF6FCC00870C02 /* LaunchScreen.storyboard in Resources */,
				727A595B24EF6FCC00870C02 /* Assets.xcassets in Resources */,
				727A595924EF6FCA00870C02 /* Main.storyboard in Resources */,
			);
			runOnlyForDeploymentPostprocessing = 0;
		};
/* End PBXResourcesBuildPhase section */

/* Begin PBXSourcesBuildPhase section */
		727A594724EF6FCA00870C02 /* Sources */ = {
			isa = PBXSourcesBuildPhase;
			buildActionMask = 2147483647;
			files = (
				727A595624EF6FCA00870C02 /* ViewController.m in Sources */,
				727A595024EF6FCA00870C02 /* AppDelegate.m in Sources */,
				727A596124EF6FCC00870C02 /* main.m in Sources */,
				727A595324EF6FCA00870C02 /* SceneDelegate.m in Sources */,
				727A596924EF88B500870C02 /* MetalRender.m in Sources */,
			);
			runOnlyForDeploymentPostprocessing = 0;
		};
/* End PBXSourcesBuildPhase section */

/* Begin PBXVariantGroup section */
		727A595724EF6FCA00870C02 /* Main.storyboard */ = {
			isa = PBXVariantGroup;
			children = (
				727A595824EF6FCA00870C02 /* Base */,
			);
			name = Main.storyboard;
			sourceTree = "<group>";
		};
		727A595C24EF6FCC00870C02 /* LaunchScreen.storyboard */ = {
			isa = PBXVariantGroup;
			children = (
				727A595D24EF6FCC00870C02 /* Base */,
			);
			name = LaunchScreen.storyboard;
			sourceTree = "<group>";
		};
/* End PBXVariantGroup section */

/* Begin XCBuildConfiguration section */
		727A596224EF6FCC00870C02 /* Debug */ = {
			isa = XCBuildConfiguration;
			buildSettings = {
				ALWAYS_SEARCH_USER_PATHS = NO;
				CLANG_ANALYZER_NONNULL = YES;
				CLANG_ANALYZER_NUMBER_OBJECT_CONVERSION = YES_AGGRESSIVE;
				CLANG_CXX_LANGUAGE_STANDARD = "gnu++14";
				CLANG_CXX_LIBRARY = "libc++";
				CLANG_ENABLE_MODULES = YES;
				CLANG_ENABLE_OBJC_ARC = YES;
				CLANG_ENABLE_OBJC_WEAK = YES;
				CLANG_WARN_BLOCK_CAPTURE_AUTORELEASING = YES;
				CLANG_WARN_BOOL_CONVERSION = YES;
				CLANG_WARN_COMMA = YES;
				CLANG_WARN_CONSTANT_CONVERSION = YES;
				CLANG_WARN_DEPRECATED_OBJC_IMPLEMENTATIONS = YES;
				CLANG_WARN_DIRECT_OBJC_ISA_USAGE = YES_ERROR;
				CLANG_WARN_DOCUMENTATION_COMMENTS = YES;
				CLANG_WARN_EMPTY_BODY = YES;
				CLANG_WARN_ENUM_CONVERSION = YES;
				CLANG_WARN_INFINITE_RECURSION = YES;
				CLANG_WARN_INT_CONVERSION = YES;
				CLANG_WARN_NON_LITERAL_NULL_CONVERSION = YES;
				CLANG_WARN_OBJC_IMPLICIT_RETAIN_SELF = YES;
				CLANG_WARN_OBJC_LITERAL_CONVERSION = YES;
				CLANG_WARN_OBJC_ROOT_CLASS = YES_ERROR;
				CLANG_WARN_RANGE_LOOP_ANALYSIS = YES;
				CLANG_WARN_STRICT_PROTOTYPES = YES;
				CLANG_WARN_SUSPICIOUS_MOVE = YES;
				CLANG_WARN_UNGUARDED_AVAILABILITY = YES_AGGRESSIVE;
				CLANG_WARN_UNREACHABLE_CODE = YES;
				CLANG_WARN__DUPLICATE_METHOD_MATCH = YES;
				COPY_PHASE_STRIP = NO;
				DEBUG_INFORMATION_FORMAT = dwarf;
				ENABLE_STRICT_OBJC_MSGSEND = YES;
				ENABLE_TESTABILITY = YES;
				GCC_C_LANGUAGE_STANDARD = gnu11;
				GCC_DYNAMIC_NO_PIC = NO;
				GCC_NO_COMMON_BLOCKS = YES;
				GCC_OPTIMIZATION_LEVEL = 0;
				GCC_PREPROCESSOR_DEFINITIONS = (
					"DEBUG=1",
					"$(inherited)",
				);
				GCC_WARN_64_TO_32_BIT_CONVERSION = YES;
				GCC_WARN_ABOUT_RETURN_TYPE = YES_ERROR;
				GCC_WARN_UNDECLARED_SELECTOR = YES;
				GCC_WARN_UNINITIALIZED_AUTOS = YES_AGGRESSIVE;
				GCC_WARN_UNUSED_FUNCTION = YES;
				GCC_WARN_UNUSED_VARIABLE = YES;
				IPHONEOS_DEPLOYMENT_TARGET = 13.2;
				MTL_ENABLE_DEBUG_INFO = INCLUDE_SOURCE;
				MTL_FAST_MATH = YES;
				ONLY_ACTIVE_ARCH = YES;
				SDKROOT = iphoneos;
			};
			name = Debug;
		};
		727A596324EF6FCC00870C02 /* Release */ = {
			isa = XCBuildConfiguration;
			buildSettings = {
				ALWAYS_SEARCH_USER_PATHS = NO;
				CLANG_ANALYZER_NONNULL = YES;
				CLANG_ANALYZER_NUMBER_OBJECT_CONVERSION = YES_AGGRESSIVE;
				CLANG_CXX_LANGUAGE_STANDARD = "gnu++14";
				CLANG_CXX_LIBRARY = "libc++";
				CLANG_ENABLE_MODULES = YES;
				CLANG_ENABLE_OBJC_ARC = YES;
				CLANG_ENABLE_OBJC_WEAK = YES;
				CLANG_WARN_BLOCK_CAPTURE_AUTORELEASING = YES;
				CLANG_WARN_BOOL_CONVERSION = YES;
				CLANG_WARN_COMMA = YES;
				CLANG_WARN_CONSTANT_CONVERSION = YES;
				CLANG_WARN_DEPRECATED_OBJC_IMPLEMENTATIONS = YES;
				CLANG_WARN_DIRECT_OBJC_ISA_USAGE = YES_ERROR;
				CLANG_WARN_DOCUMENTATION_COMMENTS = YES;
				CLANG_WARN_EMPTY_BODY = YES;
				CLANG_WARN_ENUM_CONVERSION = YES;
				CLANG_WARN_INFINITE_RECURSION = YES;
				CLANG_WARN_INT_CONVERSION = YES;
				CLANG_WARN_NON_LITERAL_NULL_CONVERSION = YES;
				CLANG_WARN_OBJC_IMPLICIT_RETAIN_SELF = YES;
				CLANG_WARN_OBJC_LITERAL_CONVERSION = YES;
				CLANG_WARN_OBJC_ROOT_CLASS = YES_ERROR;
				CLANG_WARN_RANGE_LOOP_ANALYSIS = YES;
				CLANG_WARN_STRICT_PROTOTYPES = YES;
				CLANG_WARN_SUSPICIOUS_MOVE = YES;
				CLANG_WARN_UNGUARDED_AVAILABILITY = YES_AGGRESSIVE;
				CLANG_WARN_UNREACHABLE_CODE = YES;
				CLANG_WARN__DUPLICATE_METHOD_MATCH = YES;
				COPY_PHASE_STRIP = NO;
				DEBUG_INFORMATION_FORMAT = "dwarf-with-dsym";
				ENABLE_NS_ASSERTIONS = NO;
				ENABLE_STRICT_OBJC_MSGSEND = YES;
				GCC_C_LANGUAGE_STANDARD = gnu11;
				GCC_NO_COMMON_BLOCKS = YES;
				GCC_WARN_64_TO_32_BIT_CONVERSION = YES;
				GCC_WARN_ABOUT_RETURN_TYPE = YES_ERROR;
				GCC_WARN_UNDECLARED_SELECTOR = YES;
				GCC_WARN_UNINITIALIZED_AUTOS = YES_AGGRESSIVE;
				GCC_WARN_UNUSED_FUNCTION = YES;
				GCC_WARN_UNUSED_VARIABLE = YES;
				IPHONEOS_DEPLOYMENT_TARGET = 13.2;
				MTL_ENABLE_DEBUG_INFO = NO;
				MTL_FAST_MATH = YES;
				SDKROOT = iphoneos;
				VALIDATE_PRODUCT = YES;
			};
			name = Release;
		};
		727A596524EF6FCC00870C02 /* Debug */ = {
			isa = XCBuildConfiguration;
			buildSettings = {
				ASSETCATALOG_COMPILER_APPICON_NAME = AppIcon;
				CODE_SIGN_STYLE = Automatic;
				DEVELOPMENT_TEAM = YCPSAMPQW8;
				INFOPLIST_FILE = HelloMetalPrj/Info.plist;
				LD_RUNPATH_SEARCH_PATHS = (
					"$(inherited)",
					"@executable_path/Frameworks",
				);
				PRODUCT_BUNDLE_IDENTIFIER = com.tl.HelloMetalPrj;
				PRODUCT_NAME = "$(TARGET_NAME)";
				TARGETED_DEVICE_FAMILY = "1,2";
			};
			name = Debug;
		};
		727A596624EF6FCC00870C02 /* Release */ = {
			isa = XCBuildConfiguration;
			buildSettings = {
				ASSETCATALOG_COMPILER_APPICON_NAME = AppIcon;
				CODE_SIGN_STYLE = Automatic;
				DEVELOPMENT_TEAM = YCPSAMPQW8;
				INFOPLIST_FILE = HelloMetalPrj/Info.plist;
				LD_RUNPATH_SEARCH_PATHS = (
					"$(inherited)",
					"@executable_path/Frameworks",
				);
				PRODUCT_BUNDLE_IDENTIFIER = com.tl.HelloMetalPrj;
				PRODUCT_NAME = "$(TARGET_NAME)";
				TARGETED_DEVICE_FAMILY = "1,2";
			};
			name = Release;
		};
/* End XCBuildConfiguration section */

/* Begin XCConfigurationList section */
		727A594624EF6FCA00870C02 /* Build configuration list for PBXProject "HelloMetalPrj" */ = {
			isa = XCConfigurationList;
			buildConfigurations = (
				727A596224EF6FCC00870C02 /* Debug */,
				727A596324EF6FCC00870C02 /* Release */,
			);
			defaultConfigurationIsVisible = 0;
			defaultConfigurationName = Release;
		};
		727A596424EF6FCC00870C02 /* Build configuration list for PBXNativeTarget "HelloMetalPrj" */ = {
			isa = XCConfigurationList;
			buildConfigurations = (
				727A596524EF6FCC00870C02 /* Debug */,
				727A596624EF6FCC00870C02 /* Release */,
			);
			defaultConfigurationIsVisible = 0;
			defaultConfigurationName = Release;
		};
/* End XCConfigurationList section */
	};
	rootObject = 727A594324EF6FCA00870C02 /* Project object */;
}
