// !$*UTF8*$!
{
	archiveVersion = 1;
	classes = {
	};
	objectVersion = 50;
	objects = {

/* Begin PBXBuildFile section */
		72EEE46224E1260C007727AB /* twoSplitScreen.fsh in Resources */ = {isa = PBXBuildFile; fileRef = 72EEE46124E1260C007727AB /* twoSplitScreen.fsh */; };
		72EEE46B24E12B16007727AB /* nineSplitScreen.fsh in Resources */ = {isa = PBXBuildFile; fileRef = 72EEE46424E12B15007727AB /* nineSplitScreen.fsh */; };
		72EEE46C24E12B16007727AB /* sixSplitScreen.fsh in Resources */ = {isa = PBXBuildFile; fileRef = 72EEE46624E12B16007727AB /* sixSplitScreen.fsh */; };
		72EEE46D24E12B16007727AB /* fourSplitScreen.fsh in Resources */ = {isa = PBXBuildFile; fileRef = 72EEE46824E12B16007727AB /* fourSplitScreen.fsh */; };
		72EEE46E24E12B16007727AB /* threeSplitScreen.fsh in Resources */ = {isa = PBXBuildFile; fileRef = 72EEE46A24E12B16007727AB /* threeSplitScreen.fsh */; };
		72EEE47024E63AC6007727AB /* ZoomFilter.vsh in Resources */ = {isa = PBXBuildFile; fileRef = 72EEE46F24E63AC5007727AB /* ZoomFilter.vsh */; };
		F79438FF24E021AE001972B0 /* AppDelegate.m in Sources */ = {isa = PBXBuildFile; fileRef = F79438FE24E021AE001972B0 /* AppDelegate.m */; };
		F794390224E021AE001972B0 /* ViewController.m in Sources */ = {isa = PBXBuildFile; fileRef = F794390124E021AE001972B0 /* ViewController.m */; };
		F794390524E021AE001972B0 /* Main.storyboard in Resources */ = {isa = PBXBuildFile; fileRef = F794390324E021AE001972B0 /* Main.storyboard */; };
		F794390724E021AE001972B0 /* Assets.xcassets in Resources */ = {isa = PBXBuildFile; fileRef = F794390624E021AE001972B0 /* Assets.xcassets */; };
		F794390A24E021AE001972B0 /* LaunchScreen.storyboard in Resources */ = {isa = PBXBuildFile; fileRef = F794390824E021AE001972B0 /* LaunchScreen.storyboard */; };
		F794390D24E021AE001972B0 /* main.m in Sources */ = {isa = PBXBuildFile; fileRef = F794390C24E021AE001972B0 /* main.m */; };
		F794391524E021CA001972B0 /* FilterBtnView.m in Sources */ = {isa = PBXBuildFile; fileRef = F794391424E021CA001972B0 /* FilterBtnView.m */; };
		F794391924E02E2A001972B0 /* normalShader.fsh in Resources */ = {isa = PBXBuildFile; fileRef = F794391824E02E2A001972B0 /* normalShader.fsh */; };
		F794391B24E02E3F001972B0 /* normalShader.vsh in Resources */ = {isa = PBXBuildFile; fileRef = F794391A24E02E3F001972B0 /* normalShader.vsh */; };
		F794391D24E0395F001972B0 /* miao.jpg in Resources */ = {isa = PBXBuildFile; fileRef = F794391C24E0395F001972B0 /* miao.jpg */; };
		F7A3079824E2E8B10067CF39 /* HexagonMosaic.fsh in Resources */ = {isa = PBXBuildFile; fileRef = F7A3079524E2E8B10067CF39 /* HexagonMosaic.fsh */; };
		F7A3079924E2E8B10067CF39 /* TriangleMosaic.fsh in Resources */ = {isa = PBXBuildFile; fileRef = F7A3079724E2E8B10067CF39 /* TriangleMosaic.fsh */; };
		F7A3079B24E2E8C90067CF39 /* SquareMosaic.fsh in Resources */ = {isa = PBXBuildFile; fileRef = F7A3079A24E2E8C80067CF39 /* SquareMosaic.fsh */; };
		F7B722F724E82B5000CF7616 /* VertigoFilter.fsh in Resources */ = {isa = PBXBuildFile; fileRef = F7B722F624E82B5000CF7616 /* VertigoFilter.fsh */; };
		F7CB3B1C24E59D76007BC3BC /* GrayFilter.fsh in Resources */ = {isa = PBXBuildFile; fileRef = F7CB3B1B24E59D76007BC3BC /* GrayFilter.fsh */; };
		F7CB3B1F24E5A88C007BC3BC /* ZoomFilter.fsh in Resources */ = {isa = PBXBuildFile; fileRef = F7CB3B1E24E5A88C007BC3BC /* ZoomFilter.fsh */; };
		F7CB3B2824E5A8C1007BC3BC /* BurrFilter.fsh in Resources */ = {isa = PBXBuildFile; fileRef = F7CB3B2124E5A8C1007BC3BC /* BurrFilter.fsh */; };
		F7CB3B2924E5A8C1007BC3BC /* SoulOutFilter.fsh in Resources */ = {isa = PBXBuildFile; fileRef = F7CB3B2324E5A8C1007BC3BC /* SoulOutFilter.fsh */; };
		F7CB3B2A24E5A8C1007BC3BC /* FlashFilter.fsh in Resources */ = {isa = PBXBuildFile; fileRef = F7CB3B2524E5A8C1007BC3BC /* FlashFilter.fsh */; };
		F7CB3B2B24E5A8C1007BC3BC /* ShakeFilter.fsh in Resources */ = {isa = PBXBuildFile; fileRef = F7CB3B2724E5A8C1007BC3BC /* ShakeFilter.fsh */; };
/* End PBXBuildFile section */

/* Begin PBXFileReference section */
		72EEE46124E1260C007727AB /* twoSplitScreen.fsh */ = {isa = PBXFileReference; lastKnownFileType = sourcecode.glsl; path = twoSplitScreen.fsh; sourceTree = "<group>"; };
		72EEE46424E12B15007727AB /* nineSplitScreen.fsh */ = {isa = PBXFileReference; fileEncoding = 4; lastKnownFileType = sourcecode.glsl; path = nineSplitScreen.fsh; sourceTree = "<group>"; };
		72EEE46624E12B16007727AB /* sixSplitScreen.fsh */ = {isa = PBXFileReference; fileEncoding = 4; lastKnownFileType = sourcecode.glsl; path = sixSplitScreen.fsh; sourceTree = "<group>"; };
		72EEE46824E12B16007727AB /* fourSplitScreen.fsh */ = {isa = PBXFileReference; fileEncoding = 4; lastKnownFileType = sourcecode.glsl; path = fourSplitScreen.fsh; sourceTree = "<group>"; };
		72EEE46A24E12B16007727AB /* threeSplitScreen.fsh */ = {isa = PBXFileReference; fileEncoding = 4; lastKnownFileType = sourcecode.glsl; path = threeSplitScreen.fsh; sourceTree = "<group>"; };
		72EEE46F24E63AC5007727AB /* ZoomFilter.vsh */ = {isa = PBXFileReference; fileEncoding = 4; lastKnownFileType = sourcecode.glsl; path = ZoomFilter.vsh; sourceTree = "<group>"; };
		F79438FA24E021AE001972B0 /* OpenGL_FilterEffect.app */ = {isa = PBXFileReference; explicitFileType = wrapper.application; includeInIndex = 0; path = OpenGL_FilterEffect.app; sourceTree = BUILT_PRODUCTS_DIR; };
		F79438FD24E021AE001972B0 /* AppDelegate.h */ = {isa = PBXFileReference; lastKnownFileType = sourcecode.c.h; path = AppDelegate.h; sourceTree = "<group>"; };
		F79438FE24E021AE001972B0 /* AppDelegate.m */ = {isa = PBXFileReference; lastKnownFileType = sourcecode.c.objc; path = AppDelegate.m; sourceTree = "<group>"; };
		F794390024E021AE001972B0 /* ViewController.h */ = {isa = PBXFileReference; lastKnownFileType = sourcecode.c.h; path = ViewController.h; sourceTree = "<group>"; };
		F794390124E021AE001972B0 /* ViewController.m */ = {isa = PBXFileReference; lastKnownFileType = sourcecode.c.objc; path = ViewController.m; sourceTree = "<group>"; };
		F794390424E021AE001972B0 /* Base */ = {isa = PBXFileReference; lastKnownFileType = file.storyboard; name = Base; path = Base.lproj/Main.storyboard; sourceTree = "<group>"; };
		F794390624E021AE001972B0 /* Assets.xcassets */ = {isa = PBXFileReference; lastKnownFileType = folder.assetcatalog; path = Assets.xcassets; sourceTree = "<group>"; };
		F794390924E021AE001972B0 /* Base */ = {isa = PBXFileReference; lastKnownFileType = file.storyboard; name = Base; path = Base.lproj/LaunchScreen.storyboard; sourceTree = "<group>"; };
		F794390B24E021AE001972B0 /* Info.plist */ = {isa = PBXFileReference; lastKnownFileType = text.plist.xml; path = Info.plist; sourceTree = "<group>"; };
		F794390C24E021AE001972B0 /* main.m */ = {isa = PBXFileReference; lastKnownFileType = sourcecode.c.objc; path = main.m; sourceTree = "<group>"; };
		F794391324E021CA001972B0 /* FilterBtnView.h */ = {isa = PBXFileReference; lastKnownFileType = sourcecode.c.h; path = FilterBtnView.h; sourceTree = "<group>"; };
		F794391424E021CA001972B0 /* FilterBtnView.m */ = {isa = PBXFileReference; lastKnownFileType = sourcecode.c.objc; path = FilterBtnView.m; sourceTree = "<group>"; };
		F794391824E02E2A001972B0 /* normalShader.fsh */ = {isa = PBXFileReference; lastKnownFileType = sourcecode.glsl; path = normalShader.fsh; sourceTree = "<group>"; };
		F794391A24E02E3F001972B0 /* normalShader.vsh */ = {isa = PBXFileReference; lastKnownFileType = sourcecode.glsl; path = normalShader.vsh; sourceTree = "<group>"; };
		F794391C24E0395F001972B0 /* miao.jpg */ = {isa = PBXFileReference; lastKnownFileType = image.jpeg; path = miao.jpg; sourceTree = "<group>"; };
		F7A3079524E2E8B10067CF39 /* HexagonMosaic.fsh */ = {isa = PBXFileReference; fileEncoding = 4; lastKnownFileType = sourcecode.glsl; path = HexagonMosaic.fsh; sourceTree = "<group>"; };
		F7A3079724E2E8B10067CF39 /* TriangleMosaic.fsh */ = {isa = PBXFileReference; fileEncoding = 4; lastKnownFileType = sourcecode.glsl; path = TriangleMosaic.fsh; sourceTree = "<group>"; };
		F7A3079A24E2E8C80067CF39 /* SquareMosaic.fsh */ = {isa = PBXFileReference; fileEncoding = 4; lastKnownFileType = sourcecode.glsl; path = SquareMosaic.fsh; sourceTree = "<group>"; };
		F7B722F624E82B5000CF7616 /* VertigoFilter.fsh */ = {isa = PBXFileReference; fileEncoding = 4; lastKnownFileType = sourcecode.glsl; path = VertigoFilter.fsh; sourceTree = "<group>"; };
		F7CB3B1B24E59D76007BC3BC /* GrayFilter.fsh */ = {isa = PBXFileReference; fileEncoding = 4; lastKnownFileType = sourcecode.glsl; path = GrayFilter.fsh; sourceTree = "<group>"; };
		F7CB3B1E24E5A88C007BC3BC /* ZoomFilter.fsh */ = {isa = PBXFileReference; fileEncoding = 4; lastKnownFileType = sourcecode.glsl; path = ZoomFilter.fsh; sourceTree = "<group>"; };
		F7CB3B2124E5A8C1007BC3BC /* BurrFilter.fsh */ = {isa = PBXFileReference; fileEncoding = 4; lastKnownFileType = sourcecode.glsl; path = BurrFilter.fsh; sourceTree = "<group>"; };
		F7CB3B2324E5A8C1007BC3BC /* SoulOutFilter.fsh */ = {isa = PBXFileReference; fileEncoding = 4; lastKnownFileType = sourcecode.glsl; path = SoulOutFilter.fsh; sourceTree = "<group>"; };
		F7CB3B2524E5A8C1007BC3BC /* FlashFilter.fsh */ = {isa = PBXFileReference; fileEncoding = 4; lastKnownFileType = sourcecode.glsl; path = FlashFilter.fsh; sourceTree = "<group>"; };
		F7CB3B2724E5A8C1007BC3BC /* ShakeFilter.fsh */ = {isa = PBXFileReference; fileEncoding = 4; lastKnownFileType = sourcecode.glsl; path = ShakeFilter.fsh; sourceTree = "<group>"; };
/* End PBXFileReference section */

/* Begin PBXFrameworksBuildPhase section */
		F79438F724E021AE001972B0 /* Frameworks */ = {
			isa = PBXFrameworksBuildPhase;
			buildActionMask = 2147483647;
			files = (
			);
			runOnlyForDeploymentPostprocessing = 0;
		};
/* End PBXFrameworksBuildPhase section */

/* Begin PBXGroup section */
		72EEE46024E125B0007727AB /* TwoSplitScreen */ = {
			isa = PBXGroup;
			children = (
				72EEE46124E1260C007727AB /* twoSplitScreen.fsh */,
			);
			path = TwoSplitScreen;
			sourceTree = "<group>";
		};
		72EEE46324E12B15007727AB /* NineSplitScreen */ = {
			isa = PBXGroup;
			children = (
				72EEE46424E12B15007727AB /* nineSplitScreen.fsh */,
			);
			path = NineSplitScreen;
			sourceTree = "<group>";
		};
		72EEE46524E12B16007727AB /* SixSplitScreen */ = {
			isa = PBXGroup;
			children = (
				72EEE46624E12B16007727AB /* sixSplitScreen.fsh */,
			);
			path = SixSplitScreen;
			sourceTree = "<group>";
		};
		72EEE46724E12B16007727AB /* FourSplitScreen */ = {
			isa = PBXGroup;
			children = (
				72EEE46824E12B16007727AB /* fourSplitScreen.fsh */,
			);
			path = FourSplitScreen;
			sourceTree = "<group>";
		};
		72EEE46924E12B16007727AB /* ThreeSplitScreen */ = {
			isa = PBXGroup;
			children = (
				72EEE46A24E12B16007727AB /* threeSplitScreen.fsh */,
			);
			path = ThreeSplitScreen;
			sourceTree = "<group>";
		};
		F79438F124E021AD001972B0 = {
			isa = PBXGroup;
			children = (
				F79438FC24E021AE001972B0 /* OpenGL_FilterEffect */,
				F79438FB24E021AE001972B0 /* Products */,
			);
			sourceTree = "<group>";
		};
		F79438FB24E021AE001972B0 /* Products */ = {
			isa = PBXGroup;
			children = (
				F79438FA24E021AE001972B0 /* OpenGL_FilterEffect.app */,
			);
			name = Products;
			sourceTree = "<group>";
		};
		F79438FC24E021AE001972B0 /* OpenGL_FilterEffect */ = {
			isa = PBXGroup;
			children = (
				F79438FD24E021AE001972B0 /* AppDelegate.h */,
				F79438FE24E021AE001972B0 /* AppDelegate.m */,
				F794390024E021AE001972B0 /* ViewController.h */,
				F794390124E021AE001972B0 /* ViewController.m */,
				F794391C24E0395F001972B0 /* miao.jpg */,
				F794391624E02DD5001972B0 /* Filter */,
				F794391324E021CA001972B0 /* FilterBtnView.h */,
				F794391424E021CA001972B0 /* FilterBtnView.m */,
				F794390324E021AE001972B0 /* Main.storyboard */,
				F794390624E021AE001972B0 /* Assets.xcassets */,
				F794390824E021AE001972B0 /* LaunchScreen.storyboard */,
				F794390B24E021AE001972B0 /* Info.plist */,
				F794390C24E021AE001972B0 /* main.m */,
			);
			path = OpenGL_FilterEffect;
			sourceTree = "<group>";
		};
		F794391624E02DD5001972B0 /* Filter */ = {
			isa = PBXGroup;
			children = (
				F7B722F524E82B5000CF7616 /* VertigoFilter */,
				F7CB3B2024E5A8C1007BC3BC /* BurrFilter */,
				F7CB3B2424E5A8C1007BC3BC /* FlashFilter */,
				F7CB3B2624E5A8C1007BC3BC /* ShakeFilter */,
				F7CB3B2224E5A8C1007BC3BC /* SoulOutFilter */,
				F7CB3B1D24E5A88C007BC3BC /* ZoomFilter */,
				F7CB3B1A24E59C65007BC3BC /* GrayFilter */,
				F7A3079424E2E8B10067CF39 /* HexagonMosaic */,
				F7A3079624E2E8B10067CF39 /* TriangleMosaic */,
				F7A3079324E2E8050067CF39 /* SquareMosaic */,
				72EEE46324E12B15007727AB /* NineSplitScreen */,
				72EEE46524E12B16007727AB /* SixSplitScreen */,
				72EEE46724E12B16007727AB /* FourSplitScreen */,
				72EEE46924E12B16007727AB /* ThreeSplitScreen */,
				72EEE46024E125B0007727AB /* TwoSplitScreen */,
				F794391724E02DED001972B0 /* Normal */,
			);
			path = Filter;
			sourceTree = "<group>";
		};
		F794391724E02DED001972B0 /* Normal */ = {
			isa = PBXGroup;
			children = (
				F794391824E02E2A001972B0 /* normalShader.fsh */,
				F794391A24E02E3F001972B0 /* normalShader.vsh */,
			);
			path = Normal;
			sourceTree = "<group>";
		};
		F7A3079324E2E8050067CF39 /* SquareMosaic */ = {
			isa = PBXGroup;
			children = (
				F7A3079A24E2E8C80067CF39 /* SquareMosaic.fsh */,
			);
			path = SquareMosaic;
			sourceTree = "<group>";
		};
		F7A3079424E2E8B10067CF39 /* HexagonMosaic */ = {
			isa = PBXGroup;
			children = (
				F7A3079524E2E8B10067CF39 /* HexagonMosaic.fsh */,
			);
			path = HexagonMosaic;
			sourceTree = "<group>";
		};
		F7A3079624E2E8B10067CF39 /* TriangleMosaic */ = {
			isa = PBXGroup;
			children = (
				F7A3079724E2E8B10067CF39 /* TriangleMosaic.fsh */,
			);
			path = TriangleMosaic;
			sourceTree = "<group>";
		};
		F7B722F524E82B5000CF7616 /* VertigoFilter */ = {
			isa = PBXGroup;
			children = (
				F7B722F624E82B5000CF7616 /* VertigoFilter.fsh */,
			);
			path = VertigoFilter;
			sourceTree = "<group>";
		};
		F7CB3B1A24E59C65007BC3BC /* GrayFilter */ = {
			isa = PBXGroup;
			children = (
				F7CB3B1B24E59D76007BC3BC /* GrayFilter.fsh */,
			);
			path = GrayFilter;
			sourceTree = "<group>";
		};
		F7CB3B1D24E5A88C007BC3BC /* ZoomFilter */ = {
			isa = PBXGroup;
			children = (
				F7CB3B1E24E5A88C007BC3BC /* ZoomFilter.fsh */,
				72EEE46F24E63AC5007727AB /* ZoomFilter.vsh */,
			);
			path = ZoomFilter;
			sourceTree = "<group>";
		};
		F7CB3B2024E5A8C1007BC3BC /* BurrFilter */ = {
			isa = PBXGroup;
			children = (
				F7CB3B2124E5A8C1007BC3BC /* BurrFilter.fsh */,
			);
			path = BurrFilter;
			sourceTree = "<group>";
		};
		F7CB3B2224E5A8C1007BC3BC /* SoulOutFilter */ = {
			isa = PBXGroup;
			children = (
				F7CB3B2324E5A8C1007BC3BC /* SoulOutFilter.fsh */,
			);
			path = SoulOutFilter;
			sourceTree = "<group>";
		};
		F7CB3B2424E5A8C1007BC3BC /* FlashFilter */ = {
			isa = PBXGroup;
			children = (
				F7CB3B2524E5A8C1007BC3BC /* FlashFilter.fsh */,
			);
			path = FlashFilter;
			sourceTree = "<group>";
		};
		F7CB3B2624E5A8C1007BC3BC /* ShakeFilter */ = {
			isa = PBXGroup;
			children = (
				F7CB3B2724E5A8C1007BC3BC /* ShakeFilter.fsh */,
			);
			path = ShakeFilter;
			sourceTree = "<group>";
		};
/* End PBXGroup section */

/* Begin PBXNativeTarget section */
		F79438F924E021AE001972B0 /* OpenGL_FilterEffect */ = {
			isa = PBXNativeTarget;
			buildConfigurationList = F794391024E021AE001972B0 /* Build configuration list for PBXNativeTarget "OpenGL_FilterEffect" */;
			buildPhases = (
				F79438F624E021AE001972B0 /* Sources */,
				F79438F724E021AE001972B0 /* Frameworks */,
				F79438F824E021AE001972B0 /* Resources */,
			);
			buildRules = (
			);
			dependencies = (
			);
			name = OpenGL_FilterEffect;
			productName = OpenGL_FilterEffect;
			productReference = F79438FA24E021AE001972B0 /* OpenGL_FilterEffect.app */;
			productType = "com.apple.product-type.application";
		};
/* End PBXNativeTarget section */

/* Begin PBXProject section */
		F79438F224E021AD001972B0 /* Project object */ = {
			isa = PBXProject;
			attributes = {
				LastUpgradeCheck = 1010;
				ORGANIZATIONNAME = Brain;
				TargetAttributes = {
					F79438F924E021AE001972B0 = {
						CreatedOnToolsVersion = 10.1;
					};
				};
			};
			buildConfigurationList = F79438F524E021AD001972B0 /* Build configuration list for PBXProject "OpenGL_FilterEffect" */;
			compatibilityVersion = "Xcode 9.3";
			developmentRegion = en;
			hasScannedForEncodings = 0;
			knownRegions = (
				en,
				Base,
			);
			mainGroup = F79438F124E021AD001972B0;
			productRefGroup = F79438FB24E021AE001972B0 /* Products */;
			projectDirPath = "";
			projectRoot = "";
			targets = (
				F79438F924E021AE001972B0 /* OpenGL_FilterEffect */,
			);
		};
/* End PBXProject section */

/* Begin PBXResourcesBuildPhase section */
		F79438F824E021AE001972B0 /* Resources */ = {
			isa = PBXResourcesBuildPhase;
			buildActionMask = 2147483647;
			files = (
				72EEE46B24E12B16007727AB /* nineSplitScreen.fsh in Resources */,
				F7CB3B2924E5A8C1007BC3BC /* SoulOutFilter.fsh in Resources */,
				72EEE46224E1260C007727AB /* twoSplitScreen.fsh in Resources */,
				F794390A24E021AE001972B0 /* LaunchScreen.storyboard in Resources */,
				72EEE46E24E12B16007727AB /* threeSplitScreen.fsh in Resources */,
				F7A3079924E2E8B10067CF39 /* TriangleMosaic.fsh in Resources */,
				F7CB3B1C24E59D76007BC3BC /* GrayFilter.fsh in Resources */,
				F794391B24E02E3F001972B0 /* normalShader.vsh in Resources */,
				F7CB3B2B24E5A8C1007BC3BC /* ShakeFilter.fsh in Resources */,
				F794391D24E0395F001972B0 /* miao.jpg in Resources */,
				F7CB3B1F24E5A88C007BC3BC /* ZoomFilter.fsh in Resources */,
				F7A3079824E2E8B10067CF39 /* HexagonMosaic.fsh in Resources */,
				F7B722F724E82B5000CF7616 /* VertigoFilter.fsh in Resources */,
				F794390724E021AE001972B0 /* Assets.xcassets in Resources */,
				72EEE47024E63AC6007727AB /* ZoomFilter.vsh in Resources */,
				72EEE46D24E12B16007727AB /* fourSplitScreen.fsh in Resources */,
				F7A3079B24E2E8C90067CF39 /* SquareMosaic.fsh in Resources */,
				72EEE46C24E12B16007727AB /* sixSplitScreen.fsh in Resources */,
				F7CB3B2824E5A8C1007BC3BC /* BurrFilter.fsh in Resources */,
				F7CB3B2A24E5A8C1007BC3BC /* FlashFilter.fsh in Resources */,
				F794391924E02E2A001972B0 /* normalShader.fsh in Resources */,
				F794390524E021AE001972B0 /* Main.storyboard in Resources */,
			);
			runOnlyForDeploymentPostprocessing = 0;
		};
/* End PBXResourcesBuildPhase section */

/* Begin PBXSourcesBuildPhase section */
		F79438F624E021AE001972B0 /* Sources */ = {
			isa = PBXSourcesBuildPhase;
			buildActionMask = 2147483647;
			files = (
				F794390224E021AE001972B0 /* ViewController.m in Sources */,
				F794390D24E021AE001972B0 /* main.m in Sources */,
				F79438FF24E021AE001972B0 /* AppDelegate.m in Sources */,
				F794391524E021CA001972B0 /* FilterBtnView.m in Sources */,
			);
			runOnlyForDeploymentPostprocessing = 0;
		};
/* End PBXSourcesBuildPhase section */

/* Begin PBXVariantGroup section */
		F794390324E021AE001972B0 /* Main.storyboard */ = {
			isa = PBXVariantGroup;
			children = (
				F794390424E021AE001972B0 /* Base */,
			);
			name = Main.storyboard;
			sourceTree = "<group>";
		};
		F794390824E021AE001972B0 /* LaunchScreen.storyboard */ = {
			isa = PBXVariantGroup;
			children = (
				F794390924E021AE001972B0 /* Base */,
			);
			name = LaunchScreen.storyboard;
			sourceTree = "<group>";
		};
/* End PBXVariantGroup section */

/* Begin XCBuildConfiguration section */
		F794390E24E021AE001972B0 /* Debug */ = {
			isa = XCBuildConfiguration;
			buildSettings = {
				ALWAYS_SEARCH_USER_PATHS = NO;
				CLANG_ANALYZER_NONNULL = YES;
				CLANG_ANALYZER_NUMBER_OBJECT_CONVERSION = YES_AGGRESSIVE;
				CLANG_CXX_LANGUAGE_STANDARD = "gnu++14";
				CLANG_CXX_LIBRARY = "libc++";
				CLANG_ENABLE_MODULES = YES;
				CLANG_ENABLE_OBJC_ARC = YES;
				CLANG_ENABLE_OBJC_WEAK = YES;
				CLANG_WARN_BLOCK_CAPTURE_AUTORELEASING = YES;
				CLANG_WARN_BOOL_CONVERSION = YES;
				CLANG_WARN_COMMA = YES;
				CLANG_WARN_CONSTANT_CONVERSION = YES;
				CLANG_WARN_DEPRECATED_OBJC_IMPLEMENTATIONS = YES;
				CLANG_WARN_DIRECT_OBJC_ISA_USAGE = YES_ERROR;
				CLANG_WARN_DOCUMENTATION_COMMENTS = YES;
				CLANG_WARN_EMPTY_BODY = YES;
				CLANG_WARN_ENUM_CONVERSION = YES;
				CLANG_WARN_INFINITE_RECURSION = YES;
				CLANG_WARN_INT_CONVERSION = YES;
				CLANG_WARN_NON_LITERAL_NULL_CONVERSION = YES;
				CLANG_WARN_OBJC_IMPLICIT_RETAIN_SELF = YES;
				CLANG_WARN_OBJC_LITERAL_CONVERSION = YES;
				CLANG_WARN_OBJC_ROOT_CLASS = YES_ERROR;
				CLANG_WARN_RANGE_LOOP_ANALYSIS = YES;
				CLANG_WARN_STRICT_PROTOTYPES = YES;
				CLANG_WARN_SUSPICIOUS_MOVE = YES;
				CLANG_WARN_UNGUARDED_AVAILABILITY = YES_AGGRESSIVE;
				CLANG_WARN_UNREACHABLE_CODE = YES;
				CLANG_WARN__DUPLICATE_METHOD_MATCH = YES;
				CODE_SIGN_IDENTITY = "iPhone Developer";
				COPY_PHASE_STRIP = NO;
				DEBUG_INFORMATION_FORMAT = dwarf;
				ENABLE_STRICT_OBJC_MSGSEND = YES;
				ENABLE_TESTABILITY = YES;
				GCC_C_LANGUAGE_STANDARD = gnu11;
				GCC_DYNAMIC_NO_PIC = NO;
				GCC_NO_COMMON_BLOCKS = YES;
				GCC_OPTIMIZATION_LEVEL = 0;
				GCC_PREPROCESSOR_DEFINITIONS = (
					"DEBUG=1",
					"$(inherited)",
				);
				GCC_WARN_64_TO_32_BIT_CONVERSION = YES;
				GCC_WARN_ABOUT_RETURN_TYPE = YES_ERROR;
				GCC_WARN_UNDECLARED_SELECTOR = YES;
				GCC_WARN_UNINITIALIZED_AUTOS = YES_AGGRESSIVE;
				GCC_WARN_UNUSED_FUNCTION = YES;
				GCC_WARN_UNUSED_VARIABLE = YES;
				IPHONEOS_DEPLOYMENT_TARGET = 12.1;
				MTL_ENABLE_DEBUG_INFO = INCLUDE_SOURCE;
				MTL_FAST_MATH = YES;
				ONLY_ACTIVE_ARCH = YES;
				SDKROOT = iphoneos;
			};
			name = Debug;
		};
		F794390F24E021AE001972B0 /* Release */ = {
			isa = XCBuildConfiguration;
			buildSettings = {
				ALWAYS_SEARCH_USER_PATHS = NO;
				CLANG_ANALYZER_NONNULL = YES;
				CLANG_ANALYZER_NUMBER_OBJECT_CONVERSION = YES_AGGRESSIVE;
				CLANG_CXX_LANGUAGE_STANDARD = "gnu++14";
				CLANG_CXX_LIBRARY = "libc++";
				CLANG_ENABLE_MODULES = YES;
				CLANG_ENABLE_OBJC_ARC = YES;
				CLANG_ENABLE_OBJC_WEAK = YES;
				CLANG_WARN_BLOCK_CAPTURE_AUTORELEASING = YES;
				CLANG_WARN_BOOL_CONVERSION = YES;
				CLANG_WARN_COMMA = YES;
				CLANG_WARN_CONSTANT_CONVERSION = YES;
				CLANG_WARN_DEPRECATED_OBJC_IMPLEMENTATIONS = YES;
				CLANG_WARN_DIRECT_OBJC_ISA_USAGE = YES_ERROR;
				CLANG_WARN_DOCUMENTATION_COMMENTS = YES;
				CLANG_WARN_EMPTY_BODY = YES;
				CLANG_WARN_ENUM_CONVERSION = YES;
				CLANG_WARN_INFINITE_RECURSION = YES;
				CLANG_WARN_INT_CONVERSION = YES;
				CLANG_WARN_NON_LITERAL_NULL_CONVERSION = YES;
				CLANG_WARN_OBJC_IMPLICIT_RETAIN_SELF = YES;
				CLANG_WARN_OBJC_LITERAL_CONVERSION = YES;
				CLANG_WARN_OBJC_ROOT_CLASS = YES_ERROR;
				CLANG_WARN_RANGE_LOOP_ANALYSIS = YES;
				CLANG_WARN_STRICT_PROTOTYPES = YES;
				CLANG_WARN_SUSPICIOUS_MOVE = YES;
				CLANG_WARN_UNGUARDED_AVAILABILITY = YES_AGGRESSIVE;
				CLANG_WARN_UNREACHABLE_CODE = YES;
				CLANG_WARN__DUPLICATE_METHOD_MATCH = YES;
				CODE_SIGN_IDENTITY = "iPhone Developer";
				COPY_PHASE_STRIP = NO;
				DEBUG_INFORMATION_FORMAT = "dwarf-with-dsym";
				ENABLE_NS_ASSERTIONS = NO;
				ENABLE_STRICT_OBJC_MSGSEND = YES;
				GCC_C_LANGUAGE_STANDARD = gnu11;
				GCC_NO_COMMON_BLOCKS = YES;
				GCC_WARN_64_TO_32_BIT_CONVERSION = YES;
				GCC_WARN_ABOUT_RETURN_TYPE = YES_ERROR;
				GCC_WARN_UNDECLARED_SELECTOR = YES;
				GCC_WARN_UNINITIALIZED_AUTOS = YES_AGGRESSIVE;
				GCC_WARN_UNUSED_FUNCTION = YES;
				GCC_WARN_UNUSED_VARIABLE = YES;
				IPHONEOS_DEPLOYMENT_TARGET = 12.1;
				MTL_ENABLE_DEBUG_INFO = NO;
				MTL_FAST_MATH = YES;
				SDKROOT = iphoneos;
				VALIDATE_PRODUCT = YES;
			};
			name = Release;
		};
		F794391124E021AE001972B0 /* Debug */ = {
			isa = XCBuildConfiguration;
			buildSettings = {
				ASSETCATALOG_COMPILER_APPICON_NAME = AppIcon;
				CODE_SIGN_STYLE = Automatic;
				GCC_WARN_ABOUT_DEPRECATED_FUNCTIONS = NO;
				INFOPLIST_FILE = OpenGL_FilterEffect/Info.plist;
				LD_RUNPATH_SEARCH_PATHS = (
					"$(inherited)",
					"@executable_path/Frameworks",
				);
				PRODUCT_BUNDLE_IDENTIFIER = "tl.OpenGL-FilterEffect";
				PRODUCT_NAME = "$(TARGET_NAME)";
				TARGETED_DEVICE_FAMILY = "1,2";
			};
			name = Debug;
		};
		F794391224E021AE001972B0 /* Release */ = {
			isa = XCBuildConfiguration;
			buildSettings = {
				ASSETCATALOG_COMPILER_APPICON_NAME = AppIcon;
				CODE_SIGN_STYLE = Automatic;
				GCC_WARN_ABOUT_DEPRECATED_FUNCTIONS = NO;
				INFOPLIST_FILE = OpenGL_FilterEffect/Info.plist;
				LD_RUNPATH_SEARCH_PATHS = (
					"$(inherited)",
					"@executable_path/Frameworks",
				);
				PRODUCT_BUNDLE_IDENTIFIER = "tl.OpenGL-FilterEffect";
				PRODUCT_NAME = "$(TARGET_NAME)";
				TARGETED_DEVICE_FAMILY = "1,2";
			};
			name = Release;
		};
/* End XCBuildConfiguration section */

/* Begin XCConfigurationList section */
		F79438F524E021AD001972B0 /* Build configuration list for PBXProject "OpenGL_FilterEffect" */ = {
			isa = XCConfigurationList;
			buildConfigurations = (
				F794390E24E021AE001972B0 /* Debug */,
				F794390F24E021AE001972B0 /* Release */,
			);
			defaultConfigurationIsVisible = 0;
			defaultConfigurationName = Release;
		};
		F794391024E021AE001972B0 /* Build configuration list for PBXNativeTarget "OpenGL_FilterEffect" */ = {
			isa = XCConfigurationList;
			buildConfigurations = (
				F794391124E021AE001972B0 /* Debug */,
				F794391224E021AE001972B0 /* Release */,
			);
			defaultConfigurationIsVisible = 0;
			defaultConfigurationName = Release;
		};
/* End XCConfigurationList section */
	};
	rootObject = F79438F224E021AD001972B0 /* Project object */;
}
